// !$*UTF8*$!
{
	archiveVersion = 1;
	classes = {
	};
	objectVersion = 46;
	objects = {

/* Begin PBXBuildFile section */
		0901F52012465E429D4C4EF8 /* CoreGraphics.framework in Frameworks */ = {isa = PBXBuildFile; fileRef = 3F65F450C6E72513995C5B87 /* CoreGraphics.framework */; };
		0D8698411D40989000AEE574 /* main.m in Sources */ = {isa = PBXBuildFile; fileRef = 0D8698401D40989000AEE574 /* main.m */; };
		0D8698441D40989000AEE574 /* AppDelegate.m in Sources */ = {isa = PBXBuildFile; fileRef = 0D8698431D40989000AEE574 /* AppDelegate.m */; };
		0D8698471D40989000AEE574 /* ViewController.m in Sources */ = {isa = PBXBuildFile; fileRef = 0D8698461D40989000AEE574 /* ViewController.m */; };
		0D86984A1D40989000AEE574 /* Main.storyboard in Resources */ = {isa = PBXBuildFile; fileRef = 0D8698481D40989000AEE574 /* Main.storyboard */; };
		0D86984C1D40989000AEE574 /* Assets.xcassets in Resources */ = {isa = PBXBuildFile; fileRef = 0D86984B1D40989000AEE574 /* Assets.xcassets */; };
		0D86984F1D40989000AEE574 /* LaunchScreen.storyboard in Resources */ = {isa = PBXBuildFile; fileRef = 0D86984D1D40989000AEE574 /* LaunchScreen.storyboard */; };
		0DA209081D488C2B00199C53 /* EBBannerView.h in Headers */ = {isa = PBXBuildFile; fileRef = 0DA208FF1D488C2A00199C53 /* EBBannerView.h */; };
		0DA209091D488C2B00199C53 /* EBBannerView.m in Sources */ = {isa = PBXBuildFile; fileRef = 0DA209001D488C2A00199C53 /* EBBannerView.m */; };
		0DA2090A1D488C2B00199C53 /* EBBannerView.xib in Resources */ = {isa = PBXBuildFile; fileRef = 0DA209011D488C2A00199C53 /* EBBannerView.xib */; };
		0DA2090B1D488C2B00199C53 /* EBForeNotification.h in Headers */ = {isa = PBXBuildFile; fileRef = 0DA209021D488C2B00199C53 /* EBForeNotification.h */; };
		0DA2090C1D488C2B00199C53 /* EBForeNotification.m in Sources */ = {isa = PBXBuildFile; fileRef = 0DA209031D488C2B00199C53 /* EBForeNotification.m */; };
		0DA2090D1D488C2B00199C53 /* UIImage+ColorAtPoint.h in Headers */ = {isa = PBXBuildFile; fileRef = 0DA209041D488C2B00199C53 /* UIImage+ColorAtPoint.h */; };
		0DA2090E1D488C2B00199C53 /* UIImage+ColorAtPoint.m in Sources */ = {isa = PBXBuildFile; fileRef = 0DA209051D488C2B00199C53 /* UIImage+ColorAtPoint.m */; };
		0DA2090F1D488C2B00199C53 /* UIViewController+EBForeNotification.h in Headers */ = {isa = PBXBuildFile; fileRef = 0DA209061D488C2B00199C53 /* UIViewController+EBForeNotification.h */; };
		0DA209101D488C2B00199C53 /* UIViewController+EBForeNotification.m in Sources */ = {isa = PBXBuildFile; fileRef = 0DA209071D488C2B00199C53 /* UIViewController+EBForeNotification.m */; };
		171B5D9A0575676017E8EE61 /* CFNetwork.framework in Frameworks */ = {isa = PBXBuildFile; fileRef = A0FFDCE723D5845050270ABC /* CFNetwork.framework */; };
		17C43ECA53E22D1ADD65C11F /* CoreFoundation.framework in Frameworks */ = {isa = PBXBuildFile; fileRef = DCF6E72182B28B48D76FA8BD /* CoreFoundation.framework */; };
		3B3C7C166BA15C1F3089197D /* libz.tbd in Frameworks */ = {isa = PBXBuildFile; fileRef = 217CFE021A532761C428C35E /* libz.tbd */; };
		3B5F1FE1D93CC2C06E5E9A96 /* UIKit.framework in Frameworks */ = {isa = PBXBuildFile; fileRef = FB0CEE0D100522FD6E9B3F9F /* UIKit.framework */; };
		3E36C94BB5B0D4F1F0CC0087 /* CoreTelephony.framework in Frameworks */ = {isa = PBXBuildFile; fileRef = F51F042396A63AE56240E1B4 /* CoreTelephony.framework */; };
		752540B28C213F3CCDC963D4 /* Foundation.framework in Frameworks */ = {isa = PBXBuildFile; fileRef = 734A3EE24F4A7DAD5AE342D2 /* Foundation.framework */; };
		90525CA8CEE3768B9EAB9806 /* AdSupport.framework in Frameworks */ = {isa = PBXBuildFile; fileRef = A030C75952DAF217EBAD9317 /* AdSupport.framework */; };
		97CCA0B1CC5027E8F97C7F9D /* Security.framework in Frameworks */ = {isa = PBXBuildFile; fileRef = 732D4F38B010C4E409D8957F /* Security.framework */; };
		B57B83AC59AF44FECE87330D /* SystemConfiguration.framework in Frameworks */ = {isa = PBXBuildFile; fileRef = 963D478130C6B1393C87E088 /* SystemConfiguration.framework */; };
/* End PBXBuildFile section */

/* Begin PBXFileReference section */
		0D86983C1D40989000AEE574 /* iOS-Foreground-Push-Notification.app */ = {isa = PBXFileReference; explicitFileType = wrapper.application; includeInIndex = 0; path = "iOS-Foreground-Push-Notification.app"; sourceTree = BUILT_PRODUCTS_DIR; };
		0D8698401D40989000AEE574 /* main.m */ = {isa = PBXFileReference; lastKnownFileType = sourcecode.c.objc; path = main.m; sourceTree = "<group>"; };
		0D8698421D40989000AEE574 /* AppDelegate.h */ = {isa = PBXFileReference; lastKnownFileType = sourcecode.c.h; path = AppDelegate.h; sourceTree = "<group>"; };
		0D8698431D40989000AEE574 /* AppDelegate.m */ = {isa = PBXFileReference; lastKnownFileType = sourcecode.c.objc; path = AppDelegate.m; sourceTree = "<group>"; };
		0D8698451D40989000AEE574 /* ViewController.h */ = {isa = PBXFileReference; lastKnownFileType = sourcecode.c.h; path = ViewController.h; sourceTree = "<group>"; };
		0D8698461D40989000AEE574 /* ViewController.m */ = {isa = PBXFileReference; lastKnownFileType = sourcecode.c.objc; path = ViewController.m; sourceTree = "<group>"; };
		0D8698491D40989000AEE574 /* Base */ = {isa = PBXFileReference; lastKnownFileType = file.storyboard; name = Base; path = Base.lproj/Main.storyboard; sourceTree = "<group>"; };
		0D86984B1D40989000AEE574 /* Assets.xcassets */ = {isa = PBXFileReference; lastKnownFileType = folder.assetcatalog; path = Assets.xcassets; sourceTree = "<group>"; };
		0D86984E1D40989000AEE574 /* Base */ = {isa = PBXFileReference; lastKnownFileType = file.storyboard; name = Base; path = Base.lproj/LaunchScreen.storyboard; sourceTree = "<group>"; };
		0D8698501D40989000AEE574 /* Info.plist */ = {isa = PBXFileReference; lastKnownFileType = text.plist.xml; path = Info.plist; sourceTree = "<group>"; };
		0DA208FF1D488C2A00199C53 /* EBBannerView.h */ = {isa = PBXFileReference; fileEncoding = 4; lastKnownFileType = sourcecode.c.h; path = EBBannerView.h; sourceTree = "<group>"; };
		0DA209001D488C2A00199C53 /* EBBannerView.m */ = {isa = PBXFileReference; fileEncoding = 4; lastKnownFileType = sourcecode.c.objc; path = EBBannerView.m; sourceTree = "<group>"; };
		0DA209011D488C2A00199C53 /* EBBannerView.xib */ = {isa = PBXFileReference; fileEncoding = 4; lastKnownFileType = file.xib; path = EBBannerView.xib; sourceTree = "<group>"; };
		0DA209021D488C2B00199C53 /* EBForeNotification.h */ = {isa = PBXFileReference; fileEncoding = 4; lastKnownFileType = sourcecode.c.h; path = EBForeNotification.h; sourceTree = "<group>"; };
		0DA209031D488C2B00199C53 /* EBForeNotification.m */ = {isa = PBXFileReference; fileEncoding = 4; lastKnownFileType = sourcecode.c.objc; path = EBForeNotification.m; sourceTree = "<group>"; };
		0DA209041D488C2B00199C53 /* UIImage+ColorAtPoint.h */ = {isa = PBXFileReference; fileEncoding = 4; lastKnownFileType = sourcecode.c.h; path = "UIImage+ColorAtPoint.h"; sourceTree = "<group>"; };
		0DA209051D488C2B00199C53 /* UIImage+ColorAtPoint.m */ = {isa = PBXFileReference; fileEncoding = 4; lastKnownFileType = sourcecode.c.objc; path = "UIImage+ColorAtPoint.m"; sourceTree = "<group>"; };
		0DA209061D488C2B00199C53 /* UIViewController+EBForeNotification.h */ = {isa = PBXFileReference; fileEncoding = 4; lastKnownFileType = sourcecode.c.h; path = "UIViewController+EBForeNotification.h"; sourceTree = "<group>"; };
		0DA209071D488C2B00199C53 /* UIViewController+EBForeNotification.m */ = {isa = PBXFileReference; fileEncoding = 4; lastKnownFileType = sourcecode.c.objc; path = "UIViewController+EBForeNotification.m"; sourceTree = "<group>"; };
		217CFE021A532761C428C35E /* libz.tbd */ = {isa = PBXFileReference; includeInIndex = 1; lastKnownFileType = "sourcecode.text-based-dylib-definition"; name = libz.tbd; path = usr/lib/libz.tbd; sourceTree = SDKROOT; };
		3F65F450C6E72513995C5B87 /* CoreGraphics.framework */ = {isa = PBXFileReference; lastKnownFileType = wrapper.framework; name = CoreGraphics.framework; path = Platforms/iPhoneOS.platform/Developer/SDKs/iPhoneOS9.3.sdk/System/Library/Frameworks/CoreGraphics.framework; sourceTree = DEVELOPER_DIR; };
		732D4F38B010C4E409D8957F /* Security.framework */ = {isa = PBXFileReference; lastKnownFileType = wrapper.framework; name = Security.framework; path = Platforms/iPhoneOS.platform/Developer/SDKs/iPhoneOS9.3.sdk/System/Library/Frameworks/Security.framework; sourceTree = DEVELOPER_DIR; };
		734A3EE24F4A7DAD5AE342D2 /* Foundation.framework */ = {isa = PBXFileReference; lastKnownFileType = wrapper.framework; name = Foundation.framework; path = Platforms/iPhoneOS.platform/Developer/SDKs/iPhoneOS9.3.sdk/System/Library/Frameworks/Foundation.framework; sourceTree = DEVELOPER_DIR; };
		963D478130C6B1393C87E088 /* SystemConfiguration.framework */ = {isa = PBXFileReference; lastKnownFileType = wrapper.framework; name = SystemConfiguration.framework; path = Platforms/iPhoneOS.platform/Developer/SDKs/iPhoneOS9.3.sdk/System/Library/Frameworks/SystemConfiguration.framework; sourceTree = DEVELOPER_DIR; };
		A030C75952DAF217EBAD9317 /* AdSupport.framework */ = {isa = PBXFileReference; lastKnownFileType = wrapper.framework; name = AdSupport.framework; path = Platforms/iPhoneOS.platform/Developer/SDKs/iPhoneOS9.3.sdk/System/Library/Frameworks/AdSupport.framework; sourceTree = DEVELOPER_DIR; };
		A0FFDCE723D5845050270ABC /* CFNetwork.framework */ = {isa = PBXFileReference; lastKnownFileType = wrapper.framework; name = CFNetwork.framework; path = Platforms/iPhoneOS.platform/Developer/SDKs/iPhoneOS9.3.sdk/System/Library/Frameworks/CFNetwork.framework; sourceTree = DEVELOPER_DIR; };
		DCF6E72182B28B48D76FA8BD /* CoreFoundation.framework */ = {isa = PBXFileReference; lastKnownFileType = wrapper.framework; name = CoreFoundation.framework; path = Platforms/iPhoneOS.platform/Developer/SDKs/iPhoneOS9.3.sdk/System/Library/Frameworks/CoreFoundation.framework; sourceTree = DEVELOPER_DIR; };
		F51F042396A63AE56240E1B4 /* CoreTelephony.framework */ = {isa = PBXFileReference; lastKnownFileType = wrapper.framework; name = CoreTelephony.framework; path = Platforms/iPhoneOS.platform/Developer/SDKs/iPhoneOS9.3.sdk/System/Library/Frameworks/CoreTelephony.framework; sourceTree = DEVELOPER_DIR; };
		FB0CEE0D100522FD6E9B3F9F /* UIKit.framework */ = {isa = PBXFileReference; lastKnownFileType = wrapper.framework; name = UIKit.framework; path = Platforms/iPhoneOS.platform/Developer/SDKs/iPhoneOS9.3.sdk/System/Library/Frameworks/UIKit.framework; sourceTree = DEVELOPER_DIR; };
/* End PBXFileReference section */

/* Begin PBXFrameworksBuildPhase section */
		0D8698391D40989000AEE574 /* Frameworks */ = {
			isa = PBXFrameworksBuildPhase;
			buildActionMask = 2147483647;
			files = (
				171B5D9A0575676017E8EE61 /* CFNetwork.framework in Frameworks */,
				17C43ECA53E22D1ADD65C11F /* CoreFoundation.framework in Frameworks */,
				3E36C94BB5B0D4F1F0CC0087 /* CoreTelephony.framework in Frameworks */,
				0901F52012465E429D4C4EF8 /* CoreGraphics.framework in Frameworks */,
				752540B28C213F3CCDC963D4 /* Foundation.framework in Frameworks */,
				3B5F1FE1D93CC2C06E5E9A96 /* UIKit.framework in Frameworks */,
				97CCA0B1CC5027E8F97C7F9D /* Security.framework in Frameworks */,
				B57B83AC59AF44FECE87330D /* SystemConfiguration.framework in Frameworks */,
				3B3C7C166BA15C1F3089197D /* libz.tbd in Frameworks */,
				90525CA8CEE3768B9EAB9806 /* AdSupport.framework in Frameworks */,
			);
			runOnlyForDeploymentPostprocessing = 0;
		};
/* End PBXFrameworksBuildPhase section */

/* Begin PBXGroup section */
		0D469EEF1D4139B600086741 /* EBFN */ = {
			isa = PBXGroup;
			children = (
				0DA208FF1D488C2A00199C53 /* EBBannerView.h */,
				0DA209001D488C2A00199C53 /* EBBannerView.m */,
				0DA209011D488C2A00199C53 /* EBBannerView.xib */,
				0DA209021D488C2B00199C53 /* EBForeNotification.h */,
				0DA209031D488C2B00199C53 /* EBForeNotification.m */,
				0DA209041D488C2B00199C53 /* UIImage+ColorAtPoint.h */,
				0DA209051D488C2B00199C53 /* UIImage+ColorAtPoint.m */,
				0DA209061D488C2B00199C53 /* UIViewController+EBForeNotification.h */,
				0DA209071D488C2B00199C53 /* UIViewController+EBForeNotification.m */,
			);
			name = EBFN;
			sourceTree = "<group>";
		};
		0D8698331D40989000AEE574 = {
			isa = PBXGroup;
			children = (
				0D86983E1D40989000AEE574 /* iOS-Foreground-Push-Notification */,
				0D86983D1D40989000AEE574 /* Products */,
				5B083F6F790A62254983A11D /* Frameworks */,
			);
			sourceTree = "<group>";
		};
		0D86983D1D40989000AEE574 /* Products */ = {
			isa = PBXGroup;
			children = (
				0D86983C1D40989000AEE574 /* iOS-Foreground-Push-Notification.app */,
			);
			name = Products;
			sourceTree = "<group>";
		};
		0D86983E1D40989000AEE574 /* iOS-Foreground-Push-Notification */ = {
			isa = PBXGroup;
			children = (
				0D469EEF1D4139B600086741 /* EBFN */,
				0D8698421D40989000AEE574 /* AppDelegate.h */,
				0D8698431D40989000AEE574 /* AppDelegate.m */,
				0D8698451D40989000AEE574 /* ViewController.h */,
				0D8698461D40989000AEE574 /* ViewController.m */,
				0D8698481D40989000AEE574 /* Main.storyboard */,
				0D86984B1D40989000AEE574 /* Assets.xcassets */,
				0D86984D1D40989000AEE574 /* LaunchScreen.storyboard */,
				0D8698501D40989000AEE574 /* Info.plist */,
				0D86983F1D40989000AEE574 /* Supporting Files */,
			);
			path = "iOS-Foreground-Push-Notification";
			sourceTree = "<group>";
		};
		0D86983F1D40989000AEE574 /* Supporting Files */ = {
			isa = PBXGroup;
			children = (
				0D8698401D40989000AEE574 /* main.m */,
			);
			name = "Supporting Files";
			sourceTree = "<group>";
		};
		512EB115CFDADBCC944459B6 /* iOS */ = {
			isa = PBXGroup;
			children = (
				A0FFDCE723D5845050270ABC /* CFNetwork.framework */,
				DCF6E72182B28B48D76FA8BD /* CoreFoundation.framework */,
				F51F042396A63AE56240E1B4 /* CoreTelephony.framework */,
				3F65F450C6E72513995C5B87 /* CoreGraphics.framework */,
				734A3EE24F4A7DAD5AE342D2 /* Foundation.framework */,
				FB0CEE0D100522FD6E9B3F9F /* UIKit.framework */,
				732D4F38B010C4E409D8957F /* Security.framework */,
				963D478130C6B1393C87E088 /* SystemConfiguration.framework */,
				A030C75952DAF217EBAD9317 /* AdSupport.framework */,
			);
			name = iOS;
			sourceTree = "<group>";
		};
		5B083F6F790A62254983A11D /* Frameworks */ = {
			isa = PBXGroup;
			children = (
				512EB115CFDADBCC944459B6 /* iOS */,
				217CFE021A532761C428C35E /* libz.tbd */,
			);
			name = Frameworks;
			sourceTree = "<group>";
		};
/* End PBXGroup section */

/* Begin PBXHeadersBuildPhase section */
		D5CB10CF793C85711DFACD55 /* Headers */ = {
			isa = PBXHeadersBuildPhase;
			buildActionMask = 2147483647;
			files = (
				0DA2090F1D488C2B00199C53 /* UIViewController+EBForeNotification.h in Headers */,
				0DA209081D488C2B00199C53 /* EBBannerView.h in Headers */,
				0DA2090B1D488C2B00199C53 /* EBForeNotification.h in Headers */,
				0DA2090D1D488C2B00199C53 /* UIImage+ColorAtPoint.h in Headers */,
			);
			runOnlyForDeploymentPostprocessing = 0;
		};
/* End PBXHeadersBuildPhase section */

/* Begin PBXNativeTarget section */
		0D86983B1D40989000AEE574 /* iOS-Foreground-Push-Notification */ = {
			isa = PBXNativeTarget;
			buildConfigurationList = 0D8698531D40989000AEE574 /* Build configuration list for PBXNativeTarget "iOS-Foreground-Push-Notification" */;
			buildPhases = (
				0D8698381D40989000AEE574 /* Sources */,
				0D8698391D40989000AEE574 /* Frameworks */,
				0D86983A1D40989000AEE574 /* Resources */,
				D5CB10CF793C85711DFACD55 /* Headers */,
			);
			buildRules = (
			);
			dependencies = (
			);
			name = "iOS-Foreground-Push-Notification";
			productName = "iOS-Foreground-Push-Notification";
			productReference = 0D86983C1D40989000AEE574 /* iOS-Foreground-Push-Notification.app */;
			productType = "com.apple.product-type.application";
		};
/* End PBXNativeTarget section */

/* Begin PBXProject section */
		0D8698341D40989000AEE574 /* Project object */ = {
			isa = PBXProject;
			attributes = {
				LastUpgradeCheck = 0730;
				ORGANIZATIONNAME = "57380422@qq.com";
				TargetAttributes = {
					0D86983B1D40989000AEE574 = {
						CreatedOnToolsVersion = 7.3.1;
						DevelopmentTeam = KE965R2D4S;
						DevelopmentTeamName = "星辰 吴 (Personal Team)";
						ProvisioningStyle = Automatic;
					};
				};
			};
			buildConfigurationList = 0D8698371D40989000AEE574 /* Build configuration list for PBXProject "iOS-Foreground-Push-Notification" */;
			compatibilityVersion = "Xcode 3.2";
			developmentRegion = English;
			hasScannedForEncodings = 0;
			knownRegions = (
				en,
				Base,
			);
			mainGroup = 0D8698331D40989000AEE574;
			productRefGroup = 0D86983D1D40989000AEE574 /* Products */;
			projectDirPath = "";
			projectRoot = "";
			targets = (
				0D86983B1D40989000AEE574 /* iOS-Foreground-Push-Notification */,
			);
		};
/* End PBXProject section */

/* Begin PBXResourcesBuildPhase section */
		0D86983A1D40989000AEE574 /* Resources */ = {
			isa = PBXResourcesBuildPhase;
			buildActionMask = 2147483647;
			files = (
				0D86984F1D40989000AEE574 /* LaunchScreen.storyboard in Resources */,
				0DA2090A1D488C2B00199C53 /* EBBannerView.xib in Resources */,
				0D86984C1D40989000AEE574 /* Assets.xcassets in Resources */,
				0D86984A1D40989000AEE574 /* Main.storyboard in Resources */,
			);
			runOnlyForDeploymentPostprocessing = 0;
		};
/* End PBXResourcesBuildPhase section */

/* Begin PBXSourcesBuildPhase section */
		0D8698381D40989000AEE574 /* Sources */ = {
			isa = PBXSourcesBuildPhase;
			buildActionMask = 2147483647;
			files = (
				0D8698471D40989000AEE574 /* ViewController.m in Sources */,
				0DA2090C1D488C2B00199C53 /* EBForeNotification.m in Sources */,
				0DA209091D488C2B00199C53 /* EBBannerView.m in Sources */,
				0D8698441D40989000AEE574 /* AppDelegate.m in Sources */,
				0DA209101D488C2B00199C53 /* UIViewController+EBForeNotification.m in Sources */,
				0D8698411D40989000AEE574 /* main.m in Sources */,
				0DA2090E1D488C2B00199C53 /* UIImage+ColorAtPoint.m in Sources */,
			);
			runOnlyForDeploymentPostprocessing = 0;
		};
/* End PBXSourcesBuildPhase section */

/* Begin PBXVariantGroup section */
		0D8698481D40989000AEE574 /* Main.storyboard */ = {
			isa = PBXVariantGroup;
			children = (
				0D8698491D40989000AEE574 /* Base */,
			);
			name = Main.storyboard;
			sourceTree = "<group>";
		};
		0D86984D1D40989000AEE574 /* LaunchScreen.storyboard */ = {
			isa = PBXVariantGroup;
			children = (
				0D86984E1D40989000AEE574 /* Base */,
			);
			name = LaunchScreen.storyboard;
			sourceTree = "<group>";
		};
/* End PBXVariantGroup section */

/* Begin XCBuildConfiguration section */
		0D8698511D40989000AEE574 /* Debug */ = {
			isa = XCBuildConfiguration;
			buildSettings = {
				ALWAYS_SEARCH_USER_PATHS = NO;
				CLANG_ANALYZER_NONNULL = YES;
				CLANG_CXX_LANGUAGE_STANDARD = "gnu++0x";
				CLANG_CXX_LIBRARY = "libc++";
				CLANG_ENABLE_MODULES = YES;
				CLANG_ENABLE_OBJC_ARC = YES;
				CLANG_WARN_BOOL_CONVERSION = YES;
				CLANG_WARN_CONSTANT_CONVERSION = YES;
				CLANG_WARN_DIRECT_OBJC_ISA_USAGE = YES_ERROR;
				CLANG_WARN_EMPTY_BODY = YES;
				CLANG_WARN_ENUM_CONVERSION = YES;
				CLANG_WARN_INT_CONVERSION = YES;
				CLANG_WARN_OBJC_ROOT_CLASS = YES_ERROR;
				CLANG_WARN_UNREACHABLE_CODE = YES;
				CLANG_WARN__DUPLICATE_METHOD_MATCH = YES;
				"CODE_SIGN_IDENTITY[sdk=iphoneos*]" = "iPhone Developer";
				COPY_PHASE_STRIP = NO;
				DEBUG_INFORMATION_FORMAT = dwarf;
				ENABLE_STRICT_OBJC_MSGSEND = YES;
				ENABLE_TESTABILITY = YES;
				GCC_C_LANGUAGE_STANDARD = gnu99;
				GCC_DYNAMIC_NO_PIC = NO;
				GCC_NO_COMMON_BLOCKS = YES;
				GCC_OPTIMIZATION_LEVEL = 0;
				GCC_PREPROCESSOR_DEFINITIONS = (
					"DEBUG=1",
					"$(inherited)",
				);
				GCC_WARN_64_TO_32_BIT_CONVERSION = YES;
				GCC_WARN_ABOUT_RETURN_TYPE = YES_ERROR;
				GCC_WARN_UNDECLARED_SELECTOR = YES;
				GCC_WARN_UNINITIALIZED_AUTOS = YES_AGGRESSIVE;
				GCC_WARN_UNUSED_FUNCTION = YES;
				GCC_WARN_UNUSED_VARIABLE = YES;
				IPHONEOS_DEPLOYMENT_TARGET = 8.0;
				MTL_ENABLE_DEBUG_INFO = YES;
				ONLY_ACTIVE_ARCH = YES;
				OTHER_LDFLAGS = "$(OTHER_LDFLAGS)";
				SDKROOT = iphoneos;
			};
			name = Debug;
		};
		0D8698521D40989000AEE574 /* Release */ = {
			isa = XCBuildConfiguration;
			buildSettings = {
				ALWAYS_SEARCH_USER_PATHS = NO;
				CLANG_ANALYZER_NONNULL = YES;
				CLANG_CXX_LANGUAGE_STANDARD = "gnu++0x";
				CLANG_CXX_LIBRARY = "libc++";
				CLANG_ENABLE_MODULES = YES;
				CLANG_ENABLE_OBJC_ARC = YES;
				CLANG_WARN_BOOL_CONVERSION = YES;
				CLANG_WARN_CONSTANT_CONVERSION = YES;
				CLANG_WARN_DIRECT_OBJC_ISA_USAGE = YES_ERROR;
				CLANG_WARN_EMPTY_BODY = YES;
				CLANG_WARN_ENUM_CONVERSION = YES;
				CLANG_WARN_INT_CONVERSION = YES;
				CLANG_WARN_OBJC_ROOT_CLASS = YES_ERROR;
				CLANG_WARN_UNREACHABLE_CODE = YES;
				CLANG_WARN__DUPLICATE_METHOD_MATCH = YES;
				"CODE_SIGN_IDENTITY[sdk=iphoneos*]" = "iPhone Developer";
				COPY_PHASE_STRIP = NO;
				DEBUG_INFORMATION_FORMAT = "dwarf-with-dsym";
				ENABLE_NS_ASSERTIONS = NO;
				ENABLE_STRICT_OBJC_MSGSEND = YES;
				GCC_C_LANGUAGE_STANDARD = gnu99;
				GCC_NO_COMMON_BLOCKS = YES;
				GCC_WARN_64_TO_32_BIT_CONVERSION = YES;
				GCC_WARN_ABOUT_RETURN_TYPE = YES_ERROR;
				GCC_WARN_UNDECLARED_SELECTOR = YES;
				GCC_WARN_UNINITIALIZED_AUTOS = YES_AGGRESSIVE;
				GCC_WARN_UNUSED_FUNCTION = YES;
				GCC_WARN_UNUSED_VARIABLE = YES;
				IPHONEOS_DEPLOYMENT_TARGET = 8.0;
				MTL_ENABLE_DEBUG_INFO = NO;
				OTHER_LDFLAGS = "$(OTHER_LDFLAGS)";
				SDKROOT = iphoneos;
				VALIDATE_PRODUCT = YES;
			};
			name = Release;
		};
		0D8698541D40989000AEE574 /* Debug */ = {
			isa = XCBuildConfiguration;
			buildSettings = {
				ASSETCATALOG_COMPILER_APPICON_NAME = AppIcon;
				CLANG_ENABLE_OBJC_ARC = YES;
				CODE_SIGN_IDENTITY = "iPhone Developer";
				"CODE_SIGN_IDENTITY[sdk=iphoneos*]" = "iPhone Developer";
				INFOPLIST_FILE = "iOS-Foreground-Push-Notification/Info.plist";
				IPHONEOS_DEPLOYMENT_TARGET = 8.0;
				LD_RUNPATH_SEARCH_PATHS = "$(inherited) @executable_path/Frameworks";
				LIBRARY_SEARCH_PATHS = (
					"$(inherited)",
					"$(PROJECT_DIR)/iOS-Foreground-Push-Notification",
				);
				OTHER_LDFLAGS = "-ObjC";
				PRODUCT_BUNDLE_IDENTIFIER = eb.jpush.demodd;
				PRODUCT_NAME = "$(TARGET_NAME)";
				PROVISIONING_PROFILE = "";
			};
			name = Debug;
		};
		0D8698551D40989000AEE574 /* Release */ = {
			isa = XCBuildConfiguration;
			buildSettings = {
				ASSETCATALOG_COMPILER_APPICON_NAME = AppIcon;
				CLANG_ENABLE_OBJC_ARC = YES;
				CODE_SIGN_IDENTITY = "iPhone Developer";
				"CODE_SIGN_IDENTITY[sdk=iphoneos*]" = "iPhone Developer";
				INFOPLIST_FILE = "iOS-Foreground-Push-Notification/Info.plist";
				IPHONEOS_DEPLOYMENT_TARGET = 8.0;
				LD_RUNPATH_SEARCH_PATHS = "$(inherited) @executable_path/Frameworks";
				LIBRARY_SEARCH_PATHS = (
					"$(inherited)",
					"$(PROJECT_DIR)/iOS-Foreground-Push-Notification",
				);
				OTHER_LDFLAGS = "-ObjC";
				PRODUCT_BUNDLE_IDENTIFIER = eb.jpush.demodd;
				PRODUCT_NAME = "$(TARGET_NAME)";
				PROVISIONING_PROFILE = "";
			};
			name = Release;
		};
/* End XCBuildConfiguration section */

/* Begin XCConfigurationList section */
		0D8698371D40989000AEE574 /* Build configuration list for PBXProject "iOS-Foreground-Push-Notification" */ = {
			isa = XCConfigurationList;
			buildConfigurations = (
				0D8698511D40989000AEE574 /* Debug */,
				0D8698521D40989000AEE574 /* Release */,
			);
			defaultConfigurationIsVisible = 0;
			defaultConfigurationName = Release;
		};
		0D8698531D40989000AEE574 /* Build configuration list for PBXNativeTarget "iOS-Foreground-Push-Notification" */ = {
			isa = XCConfigurationList;
			buildConfigurations = (
				0D8698541D40989000AEE574 /* Debug */,
				0D8698551D40989000AEE574 /* Release */,
			);
			defaultConfigurationIsVisible = 0;
			defaultConfigurationName = Release;
		};
/* End XCConfigurationList section */
	};
	rootObject = 0D8698341D40989000AEE574 /* Project object */;
}
